
Microsoft Visual Studio Solution File, Format Version 12.00
Project("{FAE04EC0-301F-11D3-BF4B-00C04F79EFBC}") = "Kyoto.Bot.Factory", "Kyoto.Bot.Factory\Kyoto.Bot.Factory.csproj", "{A23C068E-6EA1-4E58-99A2-2C1286010683}"
EndProject
Project("{2150E333-8FDC-42A3-9474-1A3956D46DE8}") = "Workers", "Workers", "{13308AE5-435D-4552-B25F-58A59BF2A2C8}"
EndProject
Project("{FAE04EC0-301F-11D3-BF4B-00C04F79EFBC}") = "Kyoto.Telegram.Receiver", "Kyoto.Telegram.Receiver\Kyoto.Telegram.Receiver.csproj", "{84A41CDB-6AF2-4B8E-9BEE-461A174F6291}"
EndProject
Project("{FAE04EC0-301F-11D3-BF4B-00C04F79EFBC}") = "Kyoto.Telegram.Sender", "Kyoto.Telegram.Sender\Kyoto.Telegram.Sender.csproj", "{50429C27-C80A-44B9-80B8-8C6C52D244B8}"
EndProject
Project("{FAE04EC0-301F-11D3-BF4B-00C04F79EFBC}") = "Kyoto.Kafka", "Kyoto.Kafka\Kyoto.Kafka.csproj", "{4A048108-968A-46E8-87D1-4B2F9C2FFC6B}"
EndProject
Project("{FAE04EC0-301F-11D3-BF4B-00C04F79EFBC}") = "Kyoto.Domain", "Kyoto.Domain\Kyoto.Domain.csproj", "{52A394DD-7106-43AE-9C3B-CB1449CE1E0E}"
EndProject
Project("{FAE04EC0-301F-11D3-BF4B-00C04F79EFBC}") = "Kyoto.Kafka.Events", "Kyoto.Kafka.Events\Kyoto.Kafka.Events.csproj", "{5B74433C-A68A-4903-A236-28C3675D3DCB}"
EndProject
Project("{FAE04EC0-301F-11D3-BF4B-00C04F79EFBC}") = "Kyoto.Logger", "Kyoto.Logger\Kyoto.Logger.csproj", "{451CCDF2-387E-4AEA-A7AE-1DF5AB7CE263}"
EndProject
Project("{FAE04EC0-301F-11D3-BF4B-00C04F79EFBC}") = "Kyoto.Bot.Client", "Kyoto.Bot.Client\Kyoto.Bot.Client.csproj", "{14ECE743-7EB3-4461-9566-5BDD1A2BC946}"
EndProject
Project("{FAE04EC0-301F-11D3-BF4B-00C04F79EFBC}") = "Kyoto.Database", "Kyoto.Database\Kyoto.Database.csproj", "{2F37602C-6EC6-44F0-8F7C-103A148CC44A}"
EndProject
Project("{FAE04EC0-301F-11D3-BF4B-00C04F79EFBC}") = "Kyoto.Services", "Kyoto.Services\Kyoto.Services.csproj", "{E5DE2A69-013B-4230-AFFA-E6DCE7A3CBCF}"
EndProject
Project("{FAE04EC0-301F-11D3-BF4B-00C04F79EFBC}") = "Kyoto.Commands", "Kyoto.Commands\Kyoto.Commands.csproj", "{3968F0F1-B697-41F8-88CB-0557E8EECBF9}"
EndProject
Project("{FAE04EC0-301F-11D3-BF4B-00C04F79EFBC}") = "Kyoto.Kafka.Handlers", "Kyoto.Kafka.Handlers\Kyoto.Kafka.Handlers.csproj", "{DBFBB34B-A6F7-41B6-9A1D-BEB81092560D}"
EndProject
Project("{FAE04EC0-301F-11D3-BF4B-00C04F79EFBC}") = "Kyoto.DI", "Kyoto.DI\Kyoto.DI.csproj", "{66FE4072-576E-4619-9B1D-653E3313EE4F}"
EndProject
Project("{FAE04EC0-301F-11D3-BF4B-00C04F79EFBC}") = "Kyoto.Extensions", "Kyoto.Extensions\Kyoto.Extensions.csproj", "{4C7A41A5-FC3F-40FF-84DB-982ED95AA7EA}"
EndProject
Project("{FAE04EC0-301F-11D3-BF4B-00C04F79EFBC}") = "Kyoto.Settings", "Kyoto.Settings\Kyoto.Settings.csproj", "{48DD2CB3-066E-4399-B016-0FF77A277D14}"
EndProject
Global
	GlobalSection(SolutionConfigurationPlatforms) = preSolution
		Debug|Any CPU = Debug|Any CPU
		Release|Any CPU = Release|Any CPU
	EndGlobalSection
	GlobalSection(ProjectConfigurationPlatforms) = postSolution
		{A23C068E-6EA1-4E58-99A2-2C1286010683}.Debug|Any CPU.ActiveCfg = Debug|Any CPU
		{A23C068E-6EA1-4E58-99A2-2C1286010683}.Debug|Any CPU.Build.0 = Debug|Any CPU
		{A23C068E-6EA1-4E58-99A2-2C1286010683}.Release|Any CPU.ActiveCfg = Release|Any CPU
		{A23C068E-6EA1-4E58-99A2-2C1286010683}.Release|Any CPU.Build.0 = Release|Any CPU
		{84A41CDB-6AF2-4B8E-9BEE-461A174F6291}.Debug|Any CPU.ActiveCfg = Debug|Any CPU
		{84A41CDB-6AF2-4B8E-9BEE-461A174F6291}.Debug|Any CPU.Build.0 = Debug|Any CPU
		{84A41CDB-6AF2-4B8E-9BEE-461A174F6291}.Release|Any CPU.ActiveCfg = Release|Any CPU
		{84A41CDB-6AF2-4B8E-9BEE-461A174F6291}.Release|Any CPU.Build.0 = Release|Any CPU
		{50429C27-C80A-44B9-80B8-8C6C52D244B8}.Debug|Any CPU.ActiveCfg = Debug|Any CPU
		{50429C27-C80A-44B9-80B8-8C6C52D244B8}.Debug|Any CPU.Build.0 = Debug|Any CPU
		{50429C27-C80A-44B9-80B8-8C6C52D244B8}.Release|Any CPU.ActiveCfg = Release|Any CPU
		{50429C27-C80A-44B9-80B8-8C6C52D244B8}.Release|Any CPU.Build.0 = Release|Any CPU
		{4A048108-968A-46E8-87D1-4B2F9C2FFC6B}.Debug|Any CPU.ActiveCfg = Debug|Any CPU
		{4A048108-968A-46E8-87D1-4B2F9C2FFC6B}.Debug|Any CPU.Build.0 = Debug|Any CPU
		{4A048108-968A-46E8-87D1-4B2F9C2FFC6B}.Release|Any CPU.ActiveCfg = Release|Any CPU
		{4A048108-968A-46E8-87D1-4B2F9C2FFC6B}.Release|Any CPU.Build.0 = Release|Any CPU
		{52A394DD-7106-43AE-9C3B-CB1449CE1E0E}.Debug|Any CPU.ActiveCfg = Debug|Any CPU
		{52A394DD-7106-43AE-9C3B-CB1449CE1E0E}.Debug|Any CPU.Build.0 = Debug|Any CPU
		{52A394DD-7106-43AE-9C3B-CB1449CE1E0E}.Release|Any CPU.ActiveCfg = Release|Any CPU
		{52A394DD-7106-43AE-9C3B-CB1449CE1E0E}.Release|Any CPU.Build.0 = Release|Any CPU
		{5B74433C-A68A-4903-A236-28C3675D3DCB}.Debug|Any CPU.ActiveCfg = Debug|Any CPU
		{5B74433C-A68A-4903-A236-28C3675D3DCB}.Debug|Any CPU.Build.0 = Debug|Any CPU
		{5B74433C-A68A-4903-A236-28C3675D3DCB}.Release|Any CPU.ActiveCfg = Release|Any CPU
		{5B74433C-A68A-4903-A236-28C3675D3DCB}.Release|Any CPU.Build.0 = Release|Any CPU
		{451CCDF2-387E-4AEA-A7AE-1DF5AB7CE263}.Debug|Any CPU.ActiveCfg = Debug|Any CPU
		{451CCDF2-387E-4AEA-A7AE-1DF5AB7CE263}.Debug|Any CPU.Build.0 = Debug|Any CPU
		{451CCDF2-387E-4AEA-A7AE-1DF5AB7CE263}.Release|Any CPU.ActiveCfg = Release|Any CPU
		{451CCDF2-387E-4AEA-A7AE-1DF5AB7CE263}.Release|Any CPU.Build.0 = Release|Any CPU
		{14ECE743-7EB3-4461-9566-5BDD1A2BC946}.Debug|Any CPU.ActiveCfg = Debug|Any CPU
		{14ECE743-7EB3-4461-9566-5BDD1A2BC946}.Debug|Any CPU.Build.0 = Debug|Any CPU
		{14ECE743-7EB3-4461-9566-5BDD1A2BC946}.Release|Any CPU.ActiveCfg = Release|Any CPU
		{14ECE743-7EB3-4461-9566-5BDD1A2BC946}.Release|Any CPU.Build.0 = Release|Any CPU
		{2F37602C-6EC6-44F0-8F7C-103A148CC44A}.Debug|Any CPU.ActiveCfg = Debug|Any CPU
		{2F37602C-6EC6-44F0-8F7C-103A148CC44A}.Debug|Any CPU.Build.0 = Debug|Any CPU
		{2F37602C-6EC6-44F0-8F7C-103A148CC44A}.Release|Any CPU.ActiveCfg = Release|Any CPU
		{2F37602C-6EC6-44F0-8F7C-103A148CC44A}.Release|Any CPU.Build.0 = Release|Any CPU
		{E5DE2A69-013B-4230-AFFA-E6DCE7A3CBCF}.Debug|Any CPU.ActiveCfg = Debug|Any CPU
		{E5DE2A69-013B-4230-AFFA-E6DCE7A3CBCF}.Debug|Any CPU.Build.0 = Debug|Any CPU
		{E5DE2A69-013B-4230-AFFA-E6DCE7A3CBCF}.Release|Any CPU.ActiveCfg = Release|Any CPU
		{E5DE2A69-013B-4230-AFFA-E6DCE7A3CBCF}.Release|Any CPU.Build.0 = Release|Any CPU
		{3968F0F1-B697-41F8-88CB-0557E8EECBF9}.Debug|Any CPU.ActiveCfg = Debug|Any CPU
		{3968F0F1-B697-41F8-88CB-0557E8EECBF9}.Debug|Any CPU.Build.0 = Debug|Any CPU
		{3968F0F1-B697-41F8-88CB-0557E8EECBF9}.Release|Any CPU.ActiveCfg = Release|Any CPU
		{3968F0F1-B697-41F8-88CB-0557E8EECBF9}.Release|Any CPU.Build.0 = Release|Any CPU
		{DBFBB34B-A6F7-41B6-9A1D-BEB81092560D}.Debug|Any CPU.ActiveCfg = Debug|Any CPU
		{DBFBB34B-A6F7-41B6-9A1D-BEB81092560D}.Debug|Any CPU.Build.0 = Debug|Any CPU
		{DBFBB34B-A6F7-41B6-9A1D-BEB81092560D}.Release|Any CPU.ActiveCfg = Release|Any CPU
		{DBFBB34B-A6F7-41B6-9A1D-BEB81092560D}.Release|Any CPU.Build.0 = Release|Any CPU
		{66FE4072-576E-4619-9B1D-653E3313EE4F}.Debug|Any CPU.ActiveCfg = Debug|Any CPU
		{66FE4072-576E-4619-9B1D-653E3313EE4F}.Debug|Any CPU.Build.0 = Debug|Any CPU
		{66FE4072-576E-4619-9B1D-653E3313EE4F}.Release|Any CPU.ActiveCfg = Release|Any CPU
		{66FE4072-576E-4619-9B1D-653E3313EE4F}.Release|Any CPU.Build.0 = Release|Any CPU
		{4C7A41A5-FC3F-40FF-84DB-982ED95AA7EA}.Debug|Any CPU.ActiveCfg = Debug|Any CPU
		{4C7A41A5-FC3F-40FF-84DB-982ED95AA7EA}.Debug|Any CPU.Build.0 = Debug|Any CPU
		{4C7A41A5-FC3F-40FF-84DB-982ED95AA7EA}.Release|Any CPU.ActiveCfg = Release|Any CPU
		{4C7A41A5-FC3F-40FF-84DB-982ED95AA7EA}.Release|Any CPU.Build.0 = Release|Any CPU
		{48DD2CB3-066E-4399-B016-0FF77A277D14}.Debug|Any CPU.ActiveCfg = Debug|Any CPU
		{48DD2CB3-066E-4399-B016-0FF77A277D14}.Debug|Any CPU.Build.0 = Debug|Any CPU
		{48DD2CB3-066E-4399-B016-0FF77A277D14}.Release|Any CPU.ActiveCfg = Release|Any CPU
		{48DD2CB3-066E-4399-B016-0FF77A277D14}.Release|Any CPU.Build.0 = Release|Any CPU
	EndGlobalSection
	GlobalSection(NestedProjects) = preSolution
		{84A41CDB-6AF2-4B8E-9BEE-461A174F6291} = {13308AE5-435D-4552-B25F-58A59BF2A2C8}
		{50429C27-C80A-44B9-80B8-8C6C52D244B8} = {13308AE5-435D-4552-B25F-58A59BF2A2C8}
		{14ECE743-7EB3-4461-9566-5BDD1A2BC946} = {13308AE5-435D-4552-B25F-58A59BF2A2C8}
		{A23C068E-6EA1-4E58-99A2-2C1286010683} = {13308AE5-435D-4552-B25F-58A59BF2A2C8}
	EndGlobalSection
EndGlobal
